
Microsoft Visual Studio Solution File, Format Version 12.00
# Visual Studio 15
VisualStudioVersion = 15.0.27428.2043
MinimumVisualStudioVersion = 10.0.40219.1
Project("{9A19103F-16F7-4668-BE54-9A1E7A4F7556}") = "PlaygroundApi", "src\PlaygroundApi\PlaygroundApi.csproj", "{FF15030F-7B16-4D32-8A5D-FA252CF23A63}"
EndProject
Project("{2150E333-8FDC-42A3-9474-1A3956D46DE8}") = "Solution Items", "Solution Items", "{76F08921-A8DD-482E-A2B2-1C4B3B26F84F}"
	ProjectSection(SolutionItems) = preProject
		README.md = README.md
	EndProjectSection
EndProject
Project("{9A19103F-16F7-4668-BE54-9A1E7A4F7556}") = "Services", "src\Services\Services.csproj", "{3C97E16D-30FC-47BB-9B94-FD33CCEFCF82}"
EndProject
Project("{9A19103F-16F7-4668-BE54-9A1E7A4F7556}") = "Repositories", "src\Repositories\Repositories.csproj", "{E7312A5E-D176-47D4-A0C6-0C53FC7DE766}"
EndProject
Project("{9A19103F-16F7-4668-BE54-9A1E7A4F7556}") = "Domain", "src\Domain\Domain.csproj", "{A0F3D94C-5F09-4EC0-B933-7F5CEFB483B0}"
EndProject
Project("{9A19103F-16F7-4668-BE54-9A1E7A4F7556}") = "Dto", "src\Dto\Dto.csproj", "{7BEACF09-CDB2-4553-B6FE-936AF184AADB}"
EndProject
Project("{FAE04EC0-301F-11D3-BF4B-00C04F79EFBC}") = "Services.Tests", "test\Services.Tests\Services.Tests.csproj", "{250D99AC-4EC1-4E8F-B3CA-93DACC96B4AF}"
EndProject
Global
	GlobalSection(SolutionConfigurationPlatforms) = preSolution
		Debug|Any CPU = Debug|Any CPU
		Release|Any CPU = Release|Any CPU
	EndGlobalSection
	GlobalSection(ProjectConfigurationPlatforms) = postSolution
		{FF15030F-7B16-4D32-8A5D-FA252CF23A63}.Debug|Any CPU.ActiveCfg = Debug|Any CPU
		{FF15030F-7B16-4D32-8A5D-FA252CF23A63}.Debug|Any CPU.Build.0 = Debug|Any CPU
		{FF15030F-7B16-4D32-8A5D-FA252CF23A63}.Release|Any CPU.ActiveCfg = Release|Any CPU
		{FF15030F-7B16-4D32-8A5D-FA252CF23A63}.Release|Any CPU.Build.0 = Release|Any CPU
		{3C97E16D-30FC-47BB-9B94-FD33CCEFCF82}.Debug|Any CPU.ActiveCfg = Debug|Any CPU
		{3C97E16D-30FC-47BB-9B94-FD33CCEFCF82}.Debug|Any CPU.Build.0 = Debug|Any CPU
		{3C97E16D-30FC-47BB-9B94-FD33CCEFCF82}.Release|Any CPU.ActiveCfg = Release|Any CPU
		{3C97E16D-30FC-47BB-9B94-FD33CCEFCF82}.Release|Any CPU.Build.0 = Release|Any CPU
		{E7312A5E-D176-47D4-A0C6-0C53FC7DE766}.Debug|Any CPU.ActiveCfg = Debug|Any CPU
		{E7312A5E-D176-47D4-A0C6-0C53FC7DE766}.Debug|Any CPU.Build.0 = Debug|Any CPU
		{E7312A5E-D176-47D4-A0C6-0C53FC7DE766}.Release|Any CPU.ActiveCfg = Release|Any CPU
		{E7312A5E-D176-47D4-A0C6-0C53FC7DE766}.Release|Any CPU.Build.0 = Release|Any CPU
		{A0F3D94C-5F09-4EC0-B933-7F5CEFB483B0}.Debug|Any CPU.ActiveCfg = Debug|Any CPU
		{A0F3D94C-5F09-4EC0-B933-7F5CEFB483B0}.Debug|Any CPU.Build.0 = Debug|Any CPU
		{A0F3D94C-5F09-4EC0-B933-7F5CEFB483B0}.Release|Any CPU.ActiveCfg = Release|Any CPU
		{A0F3D94C-5F09-4EC0-B933-7F5CEFB483B0}.Release|Any CPU.Build.0 = Release|Any CPU
		{7BEACF09-CDB2-4553-B6FE-936AF184AADB}.Debug|Any CPU.ActiveCfg = Debug|Any CPU
		{7BEACF09-CDB2-4553-B6FE-936AF184AADB}.Debug|Any CPU.Build.0 = Debug|Any CPU
		{7BEACF09-CDB2-4553-B6FE-936AF184AADB}.Release|Any CPU.ActiveCfg = Release|Any CPU
		{7BEACF09-CDB2-4553-B6FE-936AF184AADB}.Release|Any CPU.Build.0 = Release|Any CPU
		{250D99AC-4EC1-4E8F-B3CA-93DACC96B4AF}.Debug|Any CPU.ActiveCfg = Debug|Any CPU
		{250D99AC-4EC1-4E8F-B3CA-93DACC96B4AF}.Debug|Any CPU.Build.0 = Debug|Any CPU
		{250D99AC-4EC1-4E8F-B3CA-93DACC96B4AF}.Release|Any CPU.ActiveCfg = Release|Any CPU
		{250D99AC-4EC1-4E8F-B3CA-93DACC96B4AF}.Release|Any CPU.Build.0 = Release|Any CPU
	EndGlobalSection
	GlobalSection(SolutionProperties) = preSolution
		HideSolutionNode = FALSE
	EndGlobalSection
	GlobalSection(ExtensibilityGlobals) = postSolution
		SolutionGuid = {467BB26C-CB81-4F88-AB52-6D4887B53293}
	EndGlobalSection
EndGlobal
