
Microsoft Visual Studio Solution File, Format Version 12.00
# Visual Studio 15
VisualStudioVersion = 15.0.27428.2043
MinimumVisualStudioVersion = 10.0.40219.1
Project("{FAE04EC0-301F-11D3-BF4B-00C04F79EFBC}") = "PlaygroundApi", "src\PlaygroundApi\PlaygroundApi.csproj", "{FF15030F-7B16-4D32-8A5D-FA252CF23A63}"
EndProject
Global
	GlobalSection(SolutionConfigurationPlatforms) = preSolution
		Debug|Any CPU = Debug|Any CPU
		Release|Any CPU = Release|Any CPU
	EndGlobalSection
	GlobalSection(ProjectConfigurationPlatforms) = postSolution
		{FF15030F-7B16-4D32-8A5D-FA252CF23A63}.Debug|Any CPU.ActiveCfg = Debug|Any CPU
		{FF15030F-7B16-4D32-8A5D-FA252CF23A63}.Debug|Any CPU.Build.0 = Debug|Any CPU
		{FF15030F-7B16-4D32-8A5D-FA252CF23A63}.Release|Any CPU.ActiveCfg = Release|Any CPU
		{FF15030F-7B16-4D32-8A5D-FA252CF23A63}.Release|Any CPU.Build.0 = Release|Any CPU
	EndGlobalSection
	GlobalSection(SolutionProperties) = preSolution
		HideSolutionNode = FALSE
	EndGlobalSection
	GlobalSection(ExtensibilityGlobals) = postSolution
		SolutionGuid = {467BB26C-CB81-4F88-AB52-6D4887B53293}
	EndGlobalSection
EndGlobal
